
Microsoft Visual Studio Solution File, Format Version 12.00
# Visual Studio Version 17
VisualStudioVersion = 17.0.31903.59
MinimumVisualStudioVersion = 10.0.40219.1
Project("{FAE04EC0-301F-11D3-BF4B-00C04F79EFBC}") = "first_web_crawler", "first_web_crawler\first_web_crawler.csproj", "{E0BF989D-59F3-4642-B501-46AE3677CA60}"
EndProject
Global
	GlobalSection(SolutionConfigurationPlatforms) = preSolution
		Debug|Any CPU = Debug|Any CPU
		Release|Any CPU = Release|Any CPU
	EndGlobalSection
	GlobalSection(ProjectConfigurationPlatforms) = postSolution
		{E0BF989D-59F3-4642-B501-46AE3677CA60}.Debug|Any CPU.ActiveCfg = Debug|Any CPU
		{E0BF989D-59F3-4642-B501-46AE3677CA60}.Debug|Any CPU.Build.0 = Debug|Any CPU
		{E0BF989D-59F3-4642-B501-46AE3677CA60}.Release|Any CPU.ActiveCfg = Release|Any CPU
		{E0BF989D-59F3-4642-B501-46AE3677CA60}.Release|Any CPU.Build.0 = Release|Any CPU
	EndGlobalSection
	GlobalSection(SolutionProperties) = preSolution
		HideSolutionNode = FALSE
	EndGlobalSection
	GlobalSection(ExtensibilityGlobals) = postSolution
		SolutionGuid = {B2047F13-F2FB-4BBF-9A5D-B69EBF5B1EDF}
	EndGlobalSection
EndGlobal
